
Microsoft Visual Studio Solution File, Format Version 12.00
# Visual Studio Version 16
VisualStudioVersion = 16.0.31702.278
MinimumVisualStudioVersion = 10.0.40219.1
Project("{FAE04EC0-301F-11D3-BF4B-00C04F79EFBC}") = "WpfApp7", "WpfApp7\WpfApp7.csproj", "{A60AF7E5-D30F-49CE-AEC4-E7E1856E1A3D}"
EndProject
Project("{FAE04EC0-301F-11D3-BF4B-00C04F79EFBC}") = "SimpleTextEditor", "SimpleTextEditor\SimpleTextEditor.csproj", "{116CEDC9-4704-4A23-A15C-229EC5719341}"
EndProject
Global
	GlobalSection(SolutionConfigurationPlatforms) = preSolution
		Debug|Any CPU = Debug|Any CPU
		Release|Any CPU = Release|Any CPU
	EndGlobalSection
	GlobalSection(ProjectConfigurationPlatforms) = postSolution
		{A60AF7E5-D30F-49CE-AEC4-E7E1856E1A3D}.Debug|Any CPU.ActiveCfg = Debug|Any CPU
		{A60AF7E5-D30F-49CE-AEC4-E7E1856E1A3D}.Debug|Any CPU.Build.0 = Debug|Any CPU
		{A60AF7E5-D30F-49CE-AEC4-E7E1856E1A3D}.Release|Any CPU.ActiveCfg = Release|Any CPU
		{A60AF7E5-D30F-49CE-AEC4-E7E1856E1A3D}.Release|Any CPU.Build.0 = Release|Any CPU
		{116CEDC9-4704-4A23-A15C-229EC5719341}.Debug|Any CPU.ActiveCfg = Debug|Any CPU
		{116CEDC9-4704-4A23-A15C-229EC5719341}.Debug|Any CPU.Build.0 = Debug|Any CPU
		{116CEDC9-4704-4A23-A15C-229EC5719341}.Release|Any CPU.ActiveCfg = Release|Any CPU
		{116CEDC9-4704-4A23-A15C-229EC5719341}.Release|Any CPU.Build.0 = Release|Any CPU
	EndGlobalSection
	GlobalSection(SolutionProperties) = preSolution
		HideSolutionNode = FALSE
	EndGlobalSection
	GlobalSection(ExtensibilityGlobals) = postSolution
		SolutionGuid = {D0248FA9-7001-42DD-85D2-02833C754F81}
	EndGlobalSection
EndGlobal
